// !$*UTF8*$!
{
	archiveVersion = 1;
	classes = {
	};
	objectVersion = 56;
	objects = {

/* Begin PBXBuildFile section */
		F025C8772B1CF1590085DCBD /* TodoEditView.swift in Sources */ = {isa = PBXBuildFile; fileRef = F025C8762B1CF1590085DCBD /* TodoEditView.swift */; };
		F0364C092B06512300401B45 /* Timetable_with_SwiftDataApp.swift in Sources */ = {isa = PBXBuildFile; fileRef = F0364C082B06512300401B45 /* Timetable_with_SwiftDataApp.swift */; };
		F0364C0B2B06512300401B45 /* ContentView.swift in Sources */ = {isa = PBXBuildFile; fileRef = F0364C0A2B06512300401B45 /* ContentView.swift */; };
		F0364C0F2B06512600401B45 /* Assets.xcassets in Resources */ = {isa = PBXBuildFile; fileRef = F0364C0E2B06512600401B45 /* Assets.xcassets */; };
		F0364C122B06512600401B45 /* Preview Assets.xcassets in Resources */ = {isa = PBXBuildFile; fileRef = F0364C112B06512600401B45 /* Preview Assets.xcassets */; };
		F0364C192B06517B00401B45 /* Table.swift in Sources */ = {isa = PBXBuildFile; fileRef = F0364C182B06517B00401B45 /* Table.swift */; };
		F0364C1C2B06528E00401B45 /* Course.swift in Sources */ = {isa = PBXBuildFile; fileRef = F0364C1B2B06528E00401B45 /* Course.swift */; };
		F0364C242B06548800401B45 /* WeeklyCourseView.swift in Sources */ = {isa = PBXBuildFile; fileRef = F0364C232B06548800401B45 /* WeeklyCourseView.swift */; };
		F0364C262B06550000401B45 /* WeeklyTableView.swift in Sources */ = {isa = PBXBuildFile; fileRef = F0364C252B06550000401B45 /* WeeklyTableView.swift */; };
		F0364C8F2B0755D200401B45 /* WeeklyEmptyCourseView.swift in Sources */ = {isa = PBXBuildFile; fileRef = F0364C8E2B0755D200401B45 /* WeeklyEmptyCourseView.swift */; };
		F0364C912B07579F00401B45 /* CourseView.swift in Sources */ = {isa = PBXBuildFile; fileRef = F0364C902B07579F00401B45 /* CourseView.swift */; };
		F0364C932B0757FD00401B45 /* CourseEditView.swift in Sources */ = {isa = PBXBuildFile; fileRef = F0364C922B0757FD00401B45 /* CourseEditView.swift */; };
		F0364C952B0767C700401B45 /* MainView.swift in Sources */ = {isa = PBXBuildFile; fileRef = F0364C942B0767C700401B45 /* MainView.swift */; };
		F0364C972B076D1200401B45 /* Attendance.swift in Sources */ = {isa = PBXBuildFile; fileRef = F0364C962B076D1200401B45 /* Attendance.swift */; };
		F0364C992B076FF400401B45 /* AttendanceRecordView.swift in Sources */ = {isa = PBXBuildFile; fileRef = F0364C982B076FF400401B45 /* AttendanceRecordView.swift */; };
		F0364C9B2B07945B00401B45 /* ColorTemplate.swift in Sources */ = {isa = PBXBuildFile; fileRef = F0364C9A2B07945B00401B45 /* ColorTemplate.swift */; };
		F0364CA12B07E67100401B45 /* SelectTableView.swift in Sources */ = {isa = PBXBuildFile; fileRef = F0364CA02B07E67100401B45 /* SelectTableView.swift */; };
		F0364CA32B07E8D700401B45 /* WelcomeView.swift in Sources */ = {isa = PBXBuildFile; fileRef = F0364CA22B07E8D700401B45 /* WelcomeView.swift */; };
		F0364CA52B07EDE300401B45 /* SettingView.swift in Sources */ = {isa = PBXBuildFile; fileRef = F0364CA42B07EDE300401B45 /* SettingView.swift */; };
		F0364CA72B0814D400401B45 /* AddNewCourseView.swift in Sources */ = {isa = PBXBuildFile; fileRef = F0364CA62B0814D400401B45 /* AddNewCourseView.swift */; };
		F0364CA92B08CC8000401B45 /* Period.swift in Sources */ = {isa = PBXBuildFile; fileRef = F0364CA82B08CC8000401B45 /* Period.swift */; };
		F0364CAC2B08E3EA00401B45 /* DateUtils.swift in Sources */ = {isa = PBXBuildFile; fileRef = F0364CAB2B08E3EA00401B45 /* DateUtils.swift */; };
		F0364CB02B08E48600401B45 /* DailyCourseView.swift in Sources */ = {isa = PBXBuildFile; fileRef = F0364CAF2B08E48600401B45 /* DailyCourseView.swift */; };
		F0364CB22B08E49D00401B45 /* DailyTableView.swift in Sources */ = {isa = PBXBuildFile; fileRef = F0364CB12B08E49D00401B45 /* DailyTableView.swift */; };
		F0364CB52B08E4C500401B45 /* Colorful in Frameworks */ = {isa = PBXBuildFile; productRef = F0364CB42B08E4C500401B45 /* Colorful */; };
		F06584552B1ACC030092A37C /* Todo.swift in Sources */ = {isa = PBXBuildFile; fileRef = F06584542B1ACC030092A37C /* Todo.swift */; };
		F06584572B1AD15F0092A37C /* TodoListView.swift in Sources */ = {isa = PBXBuildFile; fileRef = F06584562B1AD15F0092A37C /* TodoListView.swift */; };
		F06584592B1B68F60092A37C /* AddNewTodoView.swift in Sources */ = {isa = PBXBuildFile; fileRef = F06584582B1B68F60092A37C /* AddNewTodoView.swift */; };
		F070ED0F2B0D2352006FA7A3 /* AppearanceModeUtils.swift in Sources */ = {isa = PBXBuildFile; fileRef = F070ED0E2B0D2352006FA7A3 /* AppearanceModeUtils.swift */; };
		F070ED112B0F3ACE006FA7A3 /* UsualView.swift in Sources */ = {isa = PBXBuildFile; fileRef = F070ED102B0F3ACE006FA7A3 /* UsualView.swift */; };
		F070ED132B0F9242006FA7A3 /* AddNewTableView.swift in Sources */ = {isa = PBXBuildFile; fileRef = F070ED122B0F9242006FA7A3 /* AddNewTableView.swift */; };
		F070ED162B10BFA1006FA7A3 /* Liquid in Frameworks */ = {isa = PBXBuildFile; productRef = F070ED152B10BFA1006FA7A3 /* Liquid */; };
		F0875F3F2B28BD3D00AFC774 /* PeriodsRangeSettingView.swift in Sources */ = {isa = PBXBuildFile; fileRef = F0875F3E2B28BD3D00AFC774 /* PeriodsRangeSettingView.swift */; };
		F0875F422B2977C700AFC774 /* SwiftUIImageViewer in Frameworks */ = {isa = PBXBuildFile; productRef = F0875F412B2977C700AFC774 /* SwiftUIImageViewer */; };
		F08E1EF52B0940C8006F0D0F /* Localizable.strings in Resources */ = {isa = PBXBuildFile; fileRef = F08E1EF72B0940C8006F0D0F /* Localizable.strings */; };
		F08E1EFA2B0A4D71006F0D0F /* CourseNotificationUtils.swift in Sources */ = {isa = PBXBuildFile; fileRef = F08E1EF92B0A4D71006F0D0F /* CourseNotificationUtils.swift */; };
		F0A7745B2B220E2F00CBC3A7 /* TableSizeSettingView.swift in Sources */ = {isa = PBXBuildFile; fileRef = F0A7745A2B220E2F00CBC3A7 /* TableSizeSettingView.swift */; };
		F0A774772B23CDC500CBC3A7 /* TodoNotificationUtils.swift in Sources */ = {isa = PBXBuildFile; fileRef = F0A774762B23CDC500CBC3A7 /* TodoNotificationUtils.swift */; };
		F0A774792B250EB000CBC3A7 /* Note.swift in Sources */ = {isa = PBXBuildFile; fileRef = F0A774782B250EB000CBC3A7 /* Note.swift */; };
		F0A7747B2B25108000CBC3A7 /* AddNewNoteView.swift in Sources */ = {isa = PBXBuildFile; fileRef = F0A7747A2B25108000CBC3A7 /* AddNewNoteView.swift */; };
		F0A7747D2B25109600CBC3A7 /* NoteEditView.swift in Sources */ = {isa = PBXBuildFile; fileRef = F0A7747C2B25109600CBC3A7 /* NoteEditView.swift */; };
		F0CE650E2B17F9B6001A1662 /* AttendanceEditView.swift in Sources */ = {isa = PBXBuildFile; fileRef = F0CE650D2B17F9B6001A1662 /* AttendanceEditView.swift */; };
/* End PBXBuildFile section */

/* Begin PBXFileReference section */
		F025C8762B1CF1590085DCBD /* TodoEditView.swift */ = {isa = PBXFileReference; lastKnownFileType = sourcecode.swift; path = TodoEditView.swift; sourceTree = "<group>"; };
		F0364C052B06512300401B45 /* Timetable with SwiftData.app */ = {isa = PBXFileReference; explicitFileType = wrapper.application; includeInIndex = 0; path = "Timetable with SwiftData.app"; sourceTree = BUILT_PRODUCTS_DIR; };
		F0364C082B06512300401B45 /* Timetable_with_SwiftDataApp.swift */ = {isa = PBXFileReference; lastKnownFileType = sourcecode.swift; path = Timetable_with_SwiftDataApp.swift; sourceTree = "<group>"; };
		F0364C0A2B06512300401B45 /* ContentView.swift */ = {isa = PBXFileReference; lastKnownFileType = sourcecode.swift; path = ContentView.swift; sourceTree = "<group>"; };
		F0364C0E2B06512600401B45 /* Assets.xcassets */ = {isa = PBXFileReference; lastKnownFileType = folder.assetcatalog; path = Assets.xcassets; sourceTree = "<group>"; };
		F0364C112B06512600401B45 /* Preview Assets.xcassets */ = {isa = PBXFileReference; lastKnownFileType = folder.assetcatalog; path = "Preview Assets.xcassets"; sourceTree = "<group>"; };
		F0364C182B06517B00401B45 /* Table.swift */ = {isa = PBXFileReference; lastKnownFileType = sourcecode.swift; path = Table.swift; sourceTree = "<group>"; };
		F0364C1B2B06528E00401B45 /* Course.swift */ = {isa = PBXFileReference; lastKnownFileType = sourcecode.swift; path = Course.swift; sourceTree = "<group>"; };
		F0364C232B06548800401B45 /* WeeklyCourseView.swift */ = {isa = PBXFileReference; lastKnownFileType = sourcecode.swift; path = WeeklyCourseView.swift; sourceTree = "<group>"; };
		F0364C252B06550000401B45 /* WeeklyTableView.swift */ = {isa = PBXFileReference; lastKnownFileType = sourcecode.swift; path = WeeklyTableView.swift; sourceTree = "<group>"; };
		F0364C8E2B0755D200401B45 /* WeeklyEmptyCourseView.swift */ = {isa = PBXFileReference; lastKnownFileType = sourcecode.swift; path = WeeklyEmptyCourseView.swift; sourceTree = "<group>"; };
		F0364C902B07579F00401B45 /* CourseView.swift */ = {isa = PBXFileReference; lastKnownFileType = sourcecode.swift; path = CourseView.swift; sourceTree = "<group>"; };
		F0364C922B0757FD00401B45 /* CourseEditView.swift */ = {isa = PBXFileReference; lastKnownFileType = sourcecode.swift; path = CourseEditView.swift; sourceTree = "<group>"; };
		F0364C942B0767C700401B45 /* MainView.swift */ = {isa = PBXFileReference; lastKnownFileType = sourcecode.swift; path = MainView.swift; sourceTree = "<group>"; };
		F0364C962B076D1200401B45 /* Attendance.swift */ = {isa = PBXFileReference; lastKnownFileType = sourcecode.swift; path = Attendance.swift; sourceTree = "<group>"; };
		F0364C982B076FF400401B45 /* AttendanceRecordView.swift */ = {isa = PBXFileReference; lastKnownFileType = sourcecode.swift; path = AttendanceRecordView.swift; sourceTree = "<group>"; };
		F0364C9A2B07945B00401B45 /* ColorTemplate.swift */ = {isa = PBXFileReference; lastKnownFileType = sourcecode.swift; path = ColorTemplate.swift; sourceTree = "<group>"; usesTabs = 0; };
		F0364CA02B07E67100401B45 /* SelectTableView.swift */ = {isa = PBXFileReference; lastKnownFileType = sourcecode.swift; path = SelectTableView.swift; sourceTree = "<group>"; };
		F0364CA22B07E8D700401B45 /* WelcomeView.swift */ = {isa = PBXFileReference; lastKnownFileType = sourcecode.swift; path = WelcomeView.swift; sourceTree = "<group>"; };
		F0364CA42B07EDE300401B45 /* SettingView.swift */ = {isa = PBXFileReference; lastKnownFileType = sourcecode.swift; path = SettingView.swift; sourceTree = "<group>"; };
		F0364CA62B0814D400401B45 /* AddNewCourseView.swift */ = {isa = PBXFileReference; lastKnownFileType = sourcecode.swift; path = AddNewCourseView.swift; sourceTree = "<group>"; };
		F0364CA82B08CC8000401B45 /* Period.swift */ = {isa = PBXFileReference; lastKnownFileType = sourcecode.swift; path = Period.swift; sourceTree = "<group>"; };
		F0364CAB2B08E3EA00401B45 /* DateUtils.swift */ = {isa = PBXFileReference; lastKnownFileType = sourcecode.swift; path = DateUtils.swift; sourceTree = "<group>"; };
		F0364CAF2B08E48600401B45 /* DailyCourseView.swift */ = {isa = PBXFileReference; lastKnownFileType = sourcecode.swift; path = DailyCourseView.swift; sourceTree = "<group>"; };
		F0364CB12B08E49D00401B45 /* DailyTableView.swift */ = {isa = PBXFileReference; lastKnownFileType = sourcecode.swift; path = DailyTableView.swift; sourceTree = "<group>"; };
		F06584542B1ACC030092A37C /* Todo.swift */ = {isa = PBXFileReference; lastKnownFileType = sourcecode.swift; path = Todo.swift; sourceTree = "<group>"; };
		F06584562B1AD15F0092A37C /* TodoListView.swift */ = {isa = PBXFileReference; lastKnownFileType = sourcecode.swift; path = TodoListView.swift; sourceTree = "<group>"; };
		F06584582B1B68F60092A37C /* AddNewTodoView.swift */ = {isa = PBXFileReference; lastKnownFileType = sourcecode.swift; path = AddNewTodoView.swift; sourceTree = "<group>"; };
		F070ED0E2B0D2352006FA7A3 /* AppearanceModeUtils.swift */ = {isa = PBXFileReference; lastKnownFileType = sourcecode.swift; path = AppearanceModeUtils.swift; sourceTree = "<group>"; };
		F070ED102B0F3ACE006FA7A3 /* UsualView.swift */ = {isa = PBXFileReference; lastKnownFileType = sourcecode.swift; path = UsualView.swift; sourceTree = "<group>"; };
		F070ED122B0F9242006FA7A3 /* AddNewTableView.swift */ = {isa = PBXFileReference; lastKnownFileType = sourcecode.swift; path = AddNewTableView.swift; sourceTree = "<group>"; };
		F0875F3E2B28BD3D00AFC774 /* PeriodsRangeSettingView.swift */ = {isa = PBXFileReference; lastKnownFileType = sourcecode.swift; path = PeriodsRangeSettingView.swift; sourceTree = "<group>"; };
		F08E1EF62B0940C8006F0D0F /* en */ = {isa = PBXFileReference; lastKnownFileType = text.plist.strings; name = en; path = en.lproj/Localizable.strings; sourceTree = "<group>"; };
		F08E1EF82B0940CA006F0D0F /* ja */ = {isa = PBXFileReference; lastKnownFileType = text.plist.strings; name = ja; path = ja.lproj/Localizable.strings; sourceTree = "<group>"; };
		F08E1EF92B0A4D71006F0D0F /* CourseNotificationUtils.swift */ = {isa = PBXFileReference; lastKnownFileType = sourcecode.swift; path = CourseNotificationUtils.swift; sourceTree = "<group>"; };
		F0A7745A2B220E2F00CBC3A7 /* TableSizeSettingView.swift */ = {isa = PBXFileReference; lastKnownFileType = sourcecode.swift; path = TableSizeSettingView.swift; sourceTree = "<group>"; };
		F0A774762B23CDC500CBC3A7 /* TodoNotificationUtils.swift */ = {isa = PBXFileReference; lastKnownFileType = sourcecode.swift; path = TodoNotificationUtils.swift; sourceTree = "<group>"; };
		F0A774782B250EB000CBC3A7 /* Note.swift */ = {isa = PBXFileReference; lastKnownFileType = sourcecode.swift; path = Note.swift; sourceTree = "<group>"; };
		F0A7747A2B25108000CBC3A7 /* AddNewNoteView.swift */ = {isa = PBXFileReference; lastKnownFileType = sourcecode.swift; path = AddNewNoteView.swift; sourceTree = "<group>"; };
		F0A7747C2B25109600CBC3A7 /* NoteEditView.swift */ = {isa = PBXFileReference; lastKnownFileType = sourcecode.swift; path = NoteEditView.swift; sourceTree = "<group>"; };
		F0CE650D2B17F9B6001A1662 /* AttendanceEditView.swift */ = {isa = PBXFileReference; lastKnownFileType = sourcecode.swift; path = AttendanceEditView.swift; sourceTree = "<group>"; };
/* End PBXFileReference section */

/* Begin PBXFrameworksBuildPhase section */
		F0364C022B06512300401B45 /* Frameworks */ = {
			isa = PBXFrameworksBuildPhase;
			buildActionMask = 2147483647;
			files = (
				F070ED162B10BFA1006FA7A3 /* Liquid in Frameworks */,
				F0364CB52B08E4C500401B45 /* Colorful in Frameworks */,
				F0875F422B2977C700AFC774 /* SwiftUIImageViewer in Frameworks */,
			);
			runOnlyForDeploymentPostprocessing = 0;
		};
/* End PBXFrameworksBuildPhase section */

/* Begin PBXGroup section */
		F025C8782B1E8C350085DCBD /* TodoViews */ = {
			isa = PBXGroup;
			children = (
				F06584562B1AD15F0092A37C /* TodoListView.swift */,
				F025C8762B1CF1590085DCBD /* TodoEditView.swift */,
				F06584582B1B68F60092A37C /* AddNewTodoView.swift */,
			);
			path = TodoViews;
			sourceTree = "<group>";
		};
		F0364BFC2B06512300401B45 = {
			isa = PBXGroup;
			children = (
				F0364C072B06512300401B45 /* Timetable with SwiftData */,
				F0364C062B06512300401B45 /* Products */,
			);
			sourceTree = "<group>";
		};
		F0364C062B06512300401B45 /* Products */ = {
			isa = PBXGroup;
			children = (
				F0364C052B06512300401B45 /* Timetable with SwiftData.app */,
			);
			name = Products;
			sourceTree = "<group>";
		};
		F0364C072B06512300401B45 /* Timetable with SwiftData */ = {
			isa = PBXGroup;
			children = (
				F0364C082B06512300401B45 /* Timetable_with_SwiftDataApp.swift */,
				F0364C0E2B06512600401B45 /* Assets.xcassets */,
				F0364C1F2B0653AA00401B45 /* Views */,
				F0364C202B0653B300401B45 /* Models */,
				F0364CAA2B08E3CF00401B45 /* Utils */,
				F0364C102B06512600401B45 /* Preview Content */,
				F08E1EF72B0940C8006F0D0F /* Localizable.strings */,
			);
			path = "Timetable with SwiftData";
			sourceTree = "<group>";
		};
		F0364C102B06512600401B45 /* Preview Content */ = {
			isa = PBXGroup;
			children = (
				F0364C112B06512600401B45 /* Preview Assets.xcassets */,
			);
			path = "Preview Content";
			sourceTree = "<group>";
		};
		F0364C1F2B0653AA00401B45 /* Views */ = {
			isa = PBXGroup;
			children = (
				F0364C0A2B06512300401B45 /* ContentView.swift */,
				F0364CA22B07E8D700401B45 /* WelcomeView.swift */,
				F070ED102B0F3ACE006FA7A3 /* UsualView.swift */,
				F0364CA02B07E67100401B45 /* SelectTableView.swift */,
				F070ED122B0F9242006FA7A3 /* AddNewTableView.swift */,
				F0364C942B0767C700401B45 /* MainView.swift */,
				F0364CAE2B08E45100401B45 /* DailyViews */,
				F0364CAD2B08E42E00401B45 /* WeeklyViews */,
				F025C8782B1E8C350085DCBD /* TodoViews */,
				F0CE650C2B17F6DF001A1662 /* CourseViews */,
				F0A774572B220AD400CBC3A7 /* SettingViews */,
			);
			path = Views;
			sourceTree = "<group>";
		};
		F0364C202B0653B300401B45 /* Models */ = {
			isa = PBXGroup;
			children = (
				F0364C182B06517B00401B45 /* Table.swift */,
				F0364C1B2B06528E00401B45 /* Course.swift */,
				F0364CA82B08CC8000401B45 /* Period.swift */,
				F0364C962B076D1200401B45 /* Attendance.swift */,
				F06584542B1ACC030092A37C /* Todo.swift */,
				F0364C9A2B07945B00401B45 /* ColorTemplate.swift */,
				F0A774782B250EB000CBC3A7 /* Note.swift */,
			);
			path = Models;
			sourceTree = "<group>";
		};
		F0364CAA2B08E3CF00401B45 /* Utils */ = {
			isa = PBXGroup;
			children = (
				F0364CAB2B08E3EA00401B45 /* DateUtils.swift */,
				F08E1EF92B0A4D71006F0D0F /* CourseNotificationUtils.swift */,
				F0A774762B23CDC500CBC3A7 /* TodoNotificationUtils.swift */,
				F070ED0E2B0D2352006FA7A3 /* AppearanceModeUtils.swift */,
			);
			path = Utils;
			sourceTree = "<group>";
		};
		F0364CAD2B08E42E00401B45 /* WeeklyViews */ = {
			isa = PBXGroup;
			children = (
				F0364C252B06550000401B45 /* WeeklyTableView.swift */,
				F0364C232B06548800401B45 /* WeeklyCourseView.swift */,
				F0364C8E2B0755D200401B45 /* WeeklyEmptyCourseView.swift */,
				F0364CA62B0814D400401B45 /* AddNewCourseView.swift */,
			);
			path = WeeklyViews;
			sourceTree = "<group>";
		};
		F0364CAE2B08E45100401B45 /* DailyViews */ = {
			isa = PBXGroup;
			children = (
				F0364CAF2B08E48600401B45 /* DailyCourseView.swift */,
				F0364CB12B08E49D00401B45 /* DailyTableView.swift */,
			);
			path = DailyViews;
			sourceTree = "<group>";
		};
		F0A774572B220AD400CBC3A7 /* SettingViews */ = {
			isa = PBXGroup;
			children = (
				F0364CA42B07EDE300401B45 /* SettingView.swift */,
				F0875F3E2B28BD3D00AFC774 /* PeriodsRangeSettingView.swift */,
				F0A7745A2B220E2F00CBC3A7 /* TableSizeSettingView.swift */,
			);
			path = SettingViews;
			sourceTree = "<group>";
		};
		F0CE650C2B17F6DF001A1662 /* CourseViews */ = {
			isa = PBXGroup;
			children = (
				F0364C902B07579F00401B45 /* CourseView.swift */,
				F0364C922B0757FD00401B45 /* CourseEditView.swift */,
				F0364C982B076FF400401B45 /* AttendanceRecordView.swift */,
				F0CE650D2B17F9B6001A1662 /* AttendanceEditView.swift */,
				F0A7747A2B25108000CBC3A7 /* AddNewNoteView.swift */,
				F0A7747C2B25109600CBC3A7 /* NoteEditView.swift */,
			);
			path = CourseViews;
			sourceTree = "<group>";
		};
/* End PBXGroup section */

/* Begin PBXNativeTarget section */
		F0364C042B06512300401B45 /* Timetable with SwiftData */ = {
			isa = PBXNativeTarget;
			buildConfigurationList = F0364C152B06512600401B45 /* Build configuration list for PBXNativeTarget "Timetable with SwiftData" */;
			buildPhases = (
				F0364C012B06512300401B45 /* Sources */,
				F0364C022B06512300401B45 /* Frameworks */,
				F0364C032B06512300401B45 /* Resources */,
			);
			buildRules = (
			);
			dependencies = (
			);
			name = "Timetable with SwiftData";
			packageProductDependencies = (
				F0364CB42B08E4C500401B45 /* Colorful */,
				F070ED152B10BFA1006FA7A3 /* Liquid */,
				F0875F412B2977C700AFC774 /* SwiftUIImageViewer */,
			);
			productName = "Timetable with SwiftData";
			productReference = F0364C052B06512300401B45 /* Timetable with SwiftData.app */;
			productType = "com.apple.product-type.application";
		};
/* End PBXNativeTarget section */

/* Begin PBXProject section */
		F0364BFD2B06512300401B45 /* Project object */ = {
			isa = PBXProject;
			attributes = {
				BuildIndependentTargetsInParallel = 1;
				LastSwiftUpdateCheck = 1500;
				LastUpgradeCheck = 1510;
				TargetAttributes = {
					F0364C042B06512300401B45 = {
						CreatedOnToolsVersion = 15.0.1;
					};
				};
			};
			buildConfigurationList = F0364C002B06512300401B45 /* Build configuration list for PBXProject "Timetable with SwiftData" */;
			compatibilityVersion = "Xcode 14.0";
			developmentRegion = en;
			hasScannedForEncodings = 0;
			knownRegions = (
				en,
				Base,
				ja,
			);
			mainGroup = F0364BFC2B06512300401B45;
			packageReferences = (
				F0364CB32B08E4C500401B45 /* XCRemoteSwiftPackageReference "Colorful" */,
				F070ED142B10BFA1006FA7A3 /* XCRemoteSwiftPackageReference "liquid" */,
				F0875F402B2977C700AFC774 /* XCRemoteSwiftPackageReference "swiftui-image-viewer" */,
			);
			productRefGroup = F0364C062B06512300401B45 /* Products */;
			projectDirPath = "";
			projectRoot = "";
			targets = (
				F0364C042B06512300401B45 /* Timetable with SwiftData */,
			);
		};
/* End PBXProject section */

/* Begin PBXResourcesBuildPhase section */
		F0364C032B06512300401B45 /* Resources */ = {
			isa = PBXResourcesBuildPhase;
			buildActionMask = 2147483647;
			files = (
				F0364C122B06512600401B45 /* Preview Assets.xcassets in Resources */,
				F08E1EF52B0940C8006F0D0F /* Localizable.strings in Resources */,
				F0364C0F2B06512600401B45 /* Assets.xcassets in Resources */,
			);
			runOnlyForDeploymentPostprocessing = 0;
		};
/* End PBXResourcesBuildPhase section */

/* Begin PBXSourcesBuildPhase section */
		F0364C012B06512300401B45 /* Sources */ = {
			isa = PBXSourcesBuildPhase;
			buildActionMask = 2147483647;
			files = (
				F0364C972B076D1200401B45 /* Attendance.swift in Sources */,
				F0364C0B2B06512300401B45 /* ContentView.swift in Sources */,
				F0364CAC2B08E3EA00401B45 /* DateUtils.swift in Sources */,
				F0364CB22B08E49D00401B45 /* DailyTableView.swift in Sources */,
				F0A774772B23CDC500CBC3A7 /* TodoNotificationUtils.swift in Sources */,
				F070ED132B0F9242006FA7A3 /* AddNewTableView.swift in Sources */,
				F0364CB02B08E48600401B45 /* DailyCourseView.swift in Sources */,
				F0364CA72B0814D400401B45 /* AddNewCourseView.swift in Sources */,
				F0364C912B07579F00401B45 /* CourseView.swift in Sources */,
				F0364CA92B08CC8000401B45 /* Period.swift in Sources */,
				F0364CA12B07E67100401B45 /* SelectTableView.swift in Sources */,
				F0A7747B2B25108000CBC3A7 /* AddNewNoteView.swift in Sources */,
				F0364C8F2B0755D200401B45 /* WeeklyEmptyCourseView.swift in Sources */,
				F0364CA52B07EDE300401B45 /* SettingView.swift in Sources */,
				F0A7747D2B25109600CBC3A7 /* NoteEditView.swift in Sources */,
				F0364C952B0767C700401B45 /* MainView.swift in Sources */,
				F0CE650E2B17F9B6001A1662 /* AttendanceEditView.swift in Sources */,
				F0364C1C2B06528E00401B45 /* Course.swift in Sources */,
				F0364C932B0757FD00401B45 /* CourseEditView.swift in Sources */,
				F0364C192B06517B00401B45 /* Table.swift in Sources */,
				F070ED112B0F3ACE006FA7A3 /* UsualView.swift in Sources */,
				F06584572B1AD15F0092A37C /* TodoListView.swift in Sources */,
				F08E1EFA2B0A4D71006F0D0F /* CourseNotificationUtils.swift in Sources */,
				F0364C9B2B07945B00401B45 /* ColorTemplate.swift in Sources */,
				F0875F3F2B28BD3D00AFC774 /* PeriodsRangeSettingView.swift in Sources */,
				F070ED0F2B0D2352006FA7A3 /* AppearanceModeUtils.swift in Sources */,
				F0364CA32B07E8D700401B45 /* WelcomeView.swift in Sources */,
				F06584552B1ACC030092A37C /* Todo.swift in Sources */,
				F025C8772B1CF1590085DCBD /* TodoEditView.swift in Sources */,
				F0364C262B06550000401B45 /* WeeklyTableView.swift in Sources */,
				F0364C242B06548800401B45 /* WeeklyCourseView.swift in Sources */,
				F0364C992B076FF400401B45 /* AttendanceRecordView.swift in Sources */,
				F0A774792B250EB000CBC3A7 /* Note.swift in Sources */,
				F0A7745B2B220E2F00CBC3A7 /* TableSizeSettingView.swift in Sources */,
				F06584592B1B68F60092A37C /* AddNewTodoView.swift in Sources */,
				F0364C092B06512300401B45 /* Timetable_with_SwiftDataApp.swift in Sources */,
			);
			runOnlyForDeploymentPostprocessing = 0;
		};
/* End PBXSourcesBuildPhase section */

/* Begin PBXVariantGroup section */
		F08E1EF72B0940C8006F0D0F /* Localizable.strings */ = {
			isa = PBXVariantGroup;
			children = (
				F08E1EF62B0940C8006F0D0F /* en */,
				F08E1EF82B0940CA006F0D0F /* ja */,
			);
			name = Localizable.strings;
			sourceTree = "<group>";
		};
/* End PBXVariantGroup section */

/* Begin XCBuildConfiguration section */
		F0364C132B06512600401B45 /* Debug */ = {
			isa = XCBuildConfiguration;
			buildSettings = {
				ALWAYS_SEARCH_USER_PATHS = NO;
				ASSETCATALOG_COMPILER_GENERATE_SWIFT_ASSET_SYMBOL_EXTENSIONS = YES;
				CLANG_ANALYZER_LOCALIZABILITY_NONLOCALIZED = YES;
				CLANG_ANALYZER_NONNULL = YES;
				CLANG_ANALYZER_NUMBER_OBJECT_CONVERSION = YES_AGGRESSIVE;
				CLANG_CXX_LANGUAGE_STANDARD = "gnu++20";
				CLANG_ENABLE_MODULES = YES;
				CLANG_ENABLE_OBJC_ARC = YES;
				CLANG_ENABLE_OBJC_WEAK = YES;
				CLANG_WARN_BLOCK_CAPTURE_AUTORELEASING = YES;
				CLANG_WARN_BOOL_CONVERSION = YES;
				CLANG_WARN_COMMA = YES;
				CLANG_WARN_CONSTANT_CONVERSION = YES;
				CLANG_WARN_DEPRECATED_OBJC_IMPLEMENTATIONS = YES;
				CLANG_WARN_DIRECT_OBJC_ISA_USAGE = YES_ERROR;
				CLANG_WARN_DOCUMENTATION_COMMENTS = YES;
				CLANG_WARN_EMPTY_BODY = YES;
				CLANG_WARN_ENUM_CONVERSION = YES;
				CLANG_WARN_INFINITE_RECURSION = YES;
				CLANG_WARN_INT_CONVERSION = YES;
				CLANG_WARN_NON_LITERAL_NULL_CONVERSION = YES;
				CLANG_WARN_OBJC_IMPLICIT_RETAIN_SELF = YES;
				CLANG_WARN_OBJC_LITERAL_CONVERSION = YES;
				CLANG_WARN_OBJC_ROOT_CLASS = YES_ERROR;
				CLANG_WARN_QUOTED_INCLUDE_IN_FRAMEWORK_HEADER = YES;
				CLANG_WARN_RANGE_LOOP_ANALYSIS = YES;
				CLANG_WARN_STRICT_PROTOTYPES = YES;
				CLANG_WARN_SUSPICIOUS_MOVE = YES;
				CLANG_WARN_UNGUARDED_AVAILABILITY = YES_AGGRESSIVE;
				CLANG_WARN_UNREACHABLE_CODE = YES;
				CLANG_WARN__DUPLICATE_METHOD_MATCH = YES;
				COPY_PHASE_STRIP = NO;
				DEBUG_INFORMATION_FORMAT = dwarf;
				ENABLE_STRICT_OBJC_MSGSEND = YES;
				ENABLE_TESTABILITY = YES;
				ENABLE_USER_SCRIPT_SANDBOXING = YES;
				GCC_C_LANGUAGE_STANDARD = gnu17;
				GCC_DYNAMIC_NO_PIC = NO;
				GCC_NO_COMMON_BLOCKS = YES;
				GCC_OPTIMIZATION_LEVEL = 0;
				GCC_PREPROCESSOR_DEFINITIONS = (
					"DEBUG=1",
					"$(inherited)",
				);
				GCC_WARN_64_TO_32_BIT_CONVERSION = YES;
				GCC_WARN_ABOUT_RETURN_TYPE = YES_ERROR;
				GCC_WARN_UNDECLARED_SELECTOR = YES;
				GCC_WARN_UNINITIALIZED_AUTOS = YES_AGGRESSIVE;
				GCC_WARN_UNUSED_FUNCTION = YES;
				GCC_WARN_UNUSED_VARIABLE = YES;
				IPHONEOS_DEPLOYMENT_TARGET = 17.0;
				LOCALIZATION_PREFERS_STRING_CATALOGS = YES;
				MTL_ENABLE_DEBUG_INFO = INCLUDE_SOURCE;
				MTL_FAST_MATH = YES;
				ONLY_ACTIVE_ARCH = YES;
				SDKROOT = iphoneos;
				SWIFT_ACTIVE_COMPILATION_CONDITIONS = "DEBUG $(inherited)";
				SWIFT_OPTIMIZATION_LEVEL = "-Onone";
			};
			name = Debug;
		};
		F0364C142B06512600401B45 /* Release */ = {
			isa = XCBuildConfiguration;
			buildSettings = {
				ALWAYS_SEARCH_USER_PATHS = NO;
				ASSETCATALOG_COMPILER_GENERATE_SWIFT_ASSET_SYMBOL_EXTENSIONS = YES;
				CLANG_ANALYZER_LOCALIZABILITY_NONLOCALIZED = YES;
				CLANG_ANALYZER_NONNULL = YES;
				CLANG_ANALYZER_NUMBER_OBJECT_CONVERSION = YES_AGGRESSIVE;
				CLANG_CXX_LANGUAGE_STANDARD = "gnu++20";
				CLANG_ENABLE_MODULES = YES;
				CLANG_ENABLE_OBJC_ARC = YES;
				CLANG_ENABLE_OBJC_WEAK = YES;
				CLANG_WARN_BLOCK_CAPTURE_AUTORELEASING = YES;
				CLANG_WARN_BOOL_CONVERSION = YES;
				CLANG_WARN_COMMA = YES;
				CLANG_WARN_CONSTANT_CONVERSION = YES;
				CLANG_WARN_DEPRECATED_OBJC_IMPLEMENTATIONS = YES;
				CLANG_WARN_DIRECT_OBJC_ISA_USAGE = YES_ERROR;
				CLANG_WARN_DOCUMENTATION_COMMENTS = YES;
				CLANG_WARN_EMPTY_BODY = YES;
				CLANG_WARN_ENUM_CONVERSION = YES;
				CLANG_WARN_INFINITE_RECURSION = YES;
				CLANG_WARN_INT_CONVERSION = YES;
				CLANG_WARN_NON_LITERAL_NULL_CONVERSION = YES;
				CLANG_WARN_OBJC_IMPLICIT_RETAIN_SELF = YES;
				CLANG_WARN_OBJC_LITERAL_CONVERSION = YES;
				CLANG_WARN_OBJC_ROOT_CLASS = YES_ERROR;
				CLANG_WARN_QUOTED_INCLUDE_IN_FRAMEWORK_HEADER = YES;
				CLANG_WARN_RANGE_LOOP_ANALYSIS = YES;
				CLANG_WARN_STRICT_PROTOTYPES = YES;
				CLANG_WARN_SUSPICIOUS_MOVE = YES;
				CLANG_WARN_UNGUARDED_AVAILABILITY = YES_AGGRESSIVE;
				CLANG_WARN_UNREACHABLE_CODE = YES;
				CLANG_WARN__DUPLICATE_METHOD_MATCH = YES;
				COPY_PHASE_STRIP = NO;
				DEBUG_INFORMATION_FORMAT = "dwarf-with-dsym";
				ENABLE_NS_ASSERTIONS = NO;
				ENABLE_STRICT_OBJC_MSGSEND = YES;
				ENABLE_USER_SCRIPT_SANDBOXING = YES;
				GCC_C_LANGUAGE_STANDARD = gnu17;
				GCC_NO_COMMON_BLOCKS = YES;
				GCC_WARN_64_TO_32_BIT_CONVERSION = YES;
				GCC_WARN_ABOUT_RETURN_TYPE = YES_ERROR;
				GCC_WARN_UNDECLARED_SELECTOR = YES;
				GCC_WARN_UNINITIALIZED_AUTOS = YES_AGGRESSIVE;
				GCC_WARN_UNUSED_FUNCTION = YES;
				GCC_WARN_UNUSED_VARIABLE = YES;
				IPHONEOS_DEPLOYMENT_TARGET = 17.0;
				LOCALIZATION_PREFERS_STRING_CATALOGS = YES;
				MTL_ENABLE_DEBUG_INFO = NO;
				MTL_FAST_MATH = YES;
				SDKROOT = iphoneos;
				SWIFT_COMPILATION_MODE = wholemodule;
				VALIDATE_PRODUCT = YES;
			};
			name = Release;
		};
		F0364C162B06512600401B45 /* Debug */ = {
			isa = XCBuildConfiguration;
			buildSettings = {
				ASSETCATALOG_COMPILER_APPICON_NAME = AppIcon;
				ASSETCATALOG_COMPILER_GLOBAL_ACCENT_COLOR_NAME = AccentColor;
				CODE_SIGN_STYLE = Automatic;
				CURRENT_PROJECT_VERSION = 1;
				DEVELOPMENT_ASSET_PATHS = "\"Timetable with SwiftData/Preview Content\"";
				DEVELOPMENT_TEAM = ZT9RXS2F6C;
				ENABLE_PREVIEWS = YES;
				GENERATE_INFOPLIST_FILE = YES;
				INFOPLIST_KEY_CFBundleDisplayName = Noti2me;
				INFOPLIST_KEY_UIApplicationSceneManifest_Generation = YES;
				INFOPLIST_KEY_UIApplicationSupportsIndirectInputEvents = YES;
				INFOPLIST_KEY_UILaunchScreen_Generation = YES;
				INFOPLIST_KEY_UISupportedInterfaceOrientations_iPad = "UIInterfaceOrientationPortrait UIInterfaceOrientationPortraitUpsideDown UIInterfaceOrientationLandscapeLeft UIInterfaceOrientationLandscapeRight";
				INFOPLIST_KEY_UISupportedInterfaceOrientations_iPhone = "UIInterfaceOrientationPortrait UIInterfaceOrientationPortrait UIInterfaceOrientationPortrait UIInterfaceOrientationPortrait";
				LD_RUNPATH_SEARCH_PATHS = (
					"$(inherited)",
					"@executable_path/Frameworks",
				);
				MARKETING_VERSION = 1.0.3;
				PRODUCT_BUNDLE_IDENTIFIER = "com.gmail.acct.h.taichi.Timetable-with-SwiftData";
				PRODUCT_NAME = "$(TARGET_NAME)";
				SUPPORTED_PLATFORMS = "iphoneos iphonesimulator";
				SUPPORTS_MACCATALYST = NO;
				SUPPORTS_MAC_DESIGNED_FOR_IPHONE_IPAD = NO;
				SWIFT_EMIT_LOC_STRINGS = YES;
				SWIFT_VERSION = 5.0;
				TARGETED_DEVICE_FAMILY = 1;
			};
			name = Debug;
		};
		F0364C172B06512600401B45 /* Release */ = {
			isa = XCBuildConfiguration;
			buildSettings = {
				ASSETCATALOG_COMPILER_APPICON_NAME = AppIcon;
				ASSETCATALOG_COMPILER_GLOBAL_ACCENT_COLOR_NAME = AccentColor;
				CODE_SIGN_STYLE = Automatic;
				CURRENT_PROJECT_VERSION = 1;
				DEVELOPMENT_ASSET_PATHS = "\"Timetable with SwiftData/Preview Content\"";
				DEVELOPMENT_TEAM = ZT9RXS2F6C;
				ENABLE_PREVIEWS = YES;
				GENERATE_INFOPLIST_FILE = YES;
				INFOPLIST_KEY_CFBundleDisplayName = Noti2me;
				INFOPLIST_KEY_UIApplicationSceneManifest_Generation = YES;
				INFOPLIST_KEY_UIApplicationSupportsIndirectInputEvents = YES;
				INFOPLIST_KEY_UILaunchScreen_Generation = YES;
				INFOPLIST_KEY_UISupportedInterfaceOrientations_iPad = "UIInterfaceOrientationPortrait UIInterfaceOrientationPortraitUpsideDown UIInterfaceOrientationLandscapeLeft UIInterfaceOrientationLandscapeRight";
				INFOPLIST_KEY_UISupportedInterfaceOrientations_iPhone = "UIInterfaceOrientationPortrait UIInterfaceOrientationPortrait UIInterfaceOrientationPortrait UIInterfaceOrientationPortrait";
				LD_RUNPATH_SEARCH_PATHS = (
					"$(inherited)",
					"@executable_path/Frameworks",
				);
				MARKETING_VERSION = 1.0.3;
				PRODUCT_BUNDLE_IDENTIFIER = "com.gmail.acct.h.taichi.Timetable-with-SwiftData";
				PRODUCT_NAME = "$(TARGET_NAME)";
				SUPPORTED_PLATFORMS = "iphoneos iphonesimulator";
				SUPPORTS_MACCATALYST = NO;
				SUPPORTS_MAC_DESIGNED_FOR_IPHONE_IPAD = NO;
				SWIFT_EMIT_LOC_STRINGS = YES;
				SWIFT_VERSION = 5.0;
				TARGETED_DEVICE_FAMILY = 1;
			};
			name = Release;
		};
/* End XCBuildConfiguration section */

/* Begin XCConfigurationList section */
		F0364C002B06512300401B45 /* Build configuration list for PBXProject "Timetable with SwiftData" */ = {
			isa = XCConfigurationList;
			buildConfigurations = (
				F0364C132B06512600401B45 /* Debug */,
				F0364C142B06512600401B45 /* Release */,
			);
			defaultConfigurationIsVisible = 0;
			defaultConfigurationName = Release;
		};
		F0364C152B06512600401B45 /* Build configuration list for PBXNativeTarget "Timetable with SwiftData" */ = {
			isa = XCConfigurationList;
			buildConfigurations = (
				F0364C162B06512600401B45 /* Debug */,
				F0364C172B06512600401B45 /* Release */,
			);
			defaultConfigurationIsVisible = 0;
			defaultConfigurationName = Release;
		};
/* End XCConfigurationList section */

/* Begin XCRemoteSwiftPackageReference section */
		F0364CB32B08E4C500401B45 /* XCRemoteSwiftPackageReference "Colorful" */ = {
			isa = XCRemoteSwiftPackageReference;
			repositoryURL = "https://github.com/Lakr233/Colorful";
			requirement = {
				kind = upToNextMajorVersion;
				minimumVersion = 1.1.0;
			};
		};
		F070ED142B10BFA1006FA7A3 /* XCRemoteSwiftPackageReference "liquid" */ = {
			isa = XCRemoteSwiftPackageReference;
			repositoryURL = "https://github.com/maustinstar/liquid";
			requirement = {
				branch = master;
				kind = branch;
			};
		};
		F0875F402B2977C700AFC774 /* XCRemoteSwiftPackageReference "swiftui-image-viewer" */ = {
			isa = XCRemoteSwiftPackageReference;
			repositoryURL = "https://github.com/fuzzzlove/swiftui-image-viewer?ref=iosexample.com";
			requirement = {
				kind = upToNextMajorVersion;
				minimumVersion = 1.0.0;
			};
		};
/* End XCRemoteSwiftPackageReference section */

/* Begin XCSwiftPackageProductDependency section */
		F0364CB42B08E4C500401B45 /* Colorful */ = {
			isa = XCSwiftPackageProductDependency;
			package = F0364CB32B08E4C500401B45 /* XCRemoteSwiftPackageReference "Colorful" */;
			productName = Colorful;
		};
		F070ED152B10BFA1006FA7A3 /* Liquid */ = {
			isa = XCSwiftPackageProductDependency;
			package = F070ED142B10BFA1006FA7A3 /* XCRemoteSwiftPackageReference "liquid" */;
			productName = Liquid;
		};
		F0875F412B2977C700AFC774 /* SwiftUIImageViewer */ = {
			isa = XCSwiftPackageProductDependency;
			package = F0875F402B2977C700AFC774 /* XCRemoteSwiftPackageReference "swiftui-image-viewer" */;
			productName = SwiftUIImageViewer;
		};
/* End XCSwiftPackageProductDependency section */
	};
	rootObject = F0364BFD2B06512300401B45 /* Project object */;
}
